
Microsoft Visual Studio Solution File, Format Version 12.00
# Visual Studio Version 17
VisualStudioVersion = 17.4.33213.308
MinimumVisualStudioVersion = 10.0.40219.1
Project("{9A19103F-16F7-4668-BE54-9A1E7A4F7556}") = "FaceRecognition", "FaceRecognition.csproj", "{BF8D689C-F7C2-41CC-AB17-1B9967452C99}"
EndProject
Global
	GlobalSection(SolutionConfigurationPlatforms) = preSolution
		Debug|Any CPU = Debug|Any CPU
		Release|Any CPU = Release|Any CPU
	EndGlobalSection
	GlobalSection(ProjectConfigurationPlatforms) = postSolution
		{BF8D689C-F7C2-41CC-AB17-1B9967452C99}.Debug|Any CPU.ActiveCfg = Debug|Any CPU
		{BF8D689C-F7C2-41CC-AB17-1B9967452C99}.Debug|Any CPU.Build.0 = Debug|Any CPU
		{BF8D689C-F7C2-41CC-AB17-1B9967452C99}.Release|Any CPU.ActiveCfg = Release|Any CPU
		{BF8D689C-F7C2-41CC-AB17-1B9967452C99}.Release|Any CPU.Build.0 = Release|Any CPU
	EndGlobalSection
	GlobalSection(SolutionProperties) = preSolution
		HideSolutionNode = FALSE
	EndGlobalSection
	GlobalSection(ExtensibilityGlobals) = postSolution
		SolutionGuid = {2205D75D-5091-42CA-B956-99F897A73484}
	EndGlobalSection
EndGlobal
